
Microsoft Visual Studio Solution File, Format Version 12.00
# Visual Studio Version 17
VisualStudioVersion = 17.11.35303.130
MinimumVisualStudioVersion = 10.0.40219.1
Project("{FAE04EC0-301F-11D3-BF4B-00C04F79EFBC}") = "Empresa.Inv.Application", "Empresa.Inv.Application\Empresa.Inv.Application.csproj", "{2FA69329-D758-4429-8BB5-E5E2349458D2}"
EndProject
Project("{FAE04EC0-301F-11D3-BF4B-00C04F79EFBC}") = "Empresa.Inv.Application.Shared", "Empresa.Inv.Application.Shared\Empresa.Inv.Application.Shared.csproj", "{C1118B96-9D92-4484-984C-76B4C960E0F6}"
EndProject
Project("{FAE04EC0-301F-11D3-BF4B-00C04F79EFBC}") = "Empresa.Inv.Core", "Empresa.Inv.Core\Empresa.Inv.Core.csproj", "{4F9284B6-E2FD-4C76-B96D-9AA50AD91B36}"
EndProject
Project("{FAE04EC0-301F-11D3-BF4B-00C04F79EFBC}") = "Empresa.Inv.Core.Shared", "Empresa.Inv.Core.Shared\Empresa.Inv.Core.Shared.csproj", "{11201D21-D742-4FC5-BC84-82013D474115}"
EndProject
Project("{FAE04EC0-301F-11D3-BF4B-00C04F79EFBC}") = "Empresa.Inv.EntityFrameworkCore", "Empresa.Inv.EntityFrameworkCore\Empresa.Inv.EntityFrameworkCore.csproj", "{A0E974B4-830C-46FE-8478-77A1C0B47727}"
EndProject
Project("{FAE04EC0-301F-11D3-BF4B-00C04F79EFBC}") = "Empresa.Inv.Web.Host", "Empresa.Inv.Web.Host\Empresa.Inv.Web.Host.csproj", "{D3400F4E-B0DA-4CBC-8478-EDDF0D479DE3}"
EndProject
Global
	GlobalSection(SolutionConfigurationPlatforms) = preSolution
		Debug|Any CPU = Debug|Any CPU
		Release|Any CPU = Release|Any CPU
	EndGlobalSection
	GlobalSection(ProjectConfigurationPlatforms) = postSolution
		{2FA69329-D758-4429-8BB5-E5E2349458D2}.Debug|Any CPU.ActiveCfg = Debug|Any CPU
		{2FA69329-D758-4429-8BB5-E5E2349458D2}.Debug|Any CPU.Build.0 = Debug|Any CPU
		{2FA69329-D758-4429-8BB5-E5E2349458D2}.Release|Any CPU.ActiveCfg = Release|Any CPU
		{2FA69329-D758-4429-8BB5-E5E2349458D2}.Release|Any CPU.Build.0 = Release|Any CPU
		{C1118B96-9D92-4484-984C-76B4C960E0F6}.Debug|Any CPU.ActiveCfg = Debug|Any CPU
		{C1118B96-9D92-4484-984C-76B4C960E0F6}.Debug|Any CPU.Build.0 = Debug|Any CPU
		{C1118B96-9D92-4484-984C-76B4C960E0F6}.Release|Any CPU.ActiveCfg = Release|Any CPU
		{C1118B96-9D92-4484-984C-76B4C960E0F6}.Release|Any CPU.Build.0 = Release|Any CPU
		{4F9284B6-E2FD-4C76-B96D-9AA50AD91B36}.Debug|Any CPU.ActiveCfg = Debug|Any CPU
		{4F9284B6-E2FD-4C76-B96D-9AA50AD91B36}.Debug|Any CPU.Build.0 = Debug|Any CPU
		{4F9284B6-E2FD-4C76-B96D-9AA50AD91B36}.Release|Any CPU.ActiveCfg = Release|Any CPU
		{4F9284B6-E2FD-4C76-B96D-9AA50AD91B36}.Release|Any CPU.Build.0 = Release|Any CPU
		{11201D21-D742-4FC5-BC84-82013D474115}.Debug|Any CPU.ActiveCfg = Debug|Any CPU
		{11201D21-D742-4FC5-BC84-82013D474115}.Debug|Any CPU.Build.0 = Debug|Any CPU
		{11201D21-D742-4FC5-BC84-82013D474115}.Release|Any CPU.ActiveCfg = Release|Any CPU
		{11201D21-D742-4FC5-BC84-82013D474115}.Release|Any CPU.Build.0 = Release|Any CPU
		{A0E974B4-830C-46FE-8478-77A1C0B47727}.Debug|Any CPU.ActiveCfg = Debug|Any CPU
		{A0E974B4-830C-46FE-8478-77A1C0B47727}.Debug|Any CPU.Build.0 = Debug|Any CPU
		{A0E974B4-830C-46FE-8478-77A1C0B47727}.Release|Any CPU.ActiveCfg = Release|Any CPU
		{A0E974B4-830C-46FE-8478-77A1C0B47727}.Release|Any CPU.Build.0 = Release|Any CPU
		{D3400F4E-B0DA-4CBC-8478-EDDF0D479DE3}.Debug|Any CPU.ActiveCfg = Debug|Any CPU
		{D3400F4E-B0DA-4CBC-8478-EDDF0D479DE3}.Debug|Any CPU.Build.0 = Debug|Any CPU
		{D3400F4E-B0DA-4CBC-8478-EDDF0D479DE3}.Release|Any CPU.ActiveCfg = Release|Any CPU
		{D3400F4E-B0DA-4CBC-8478-EDDF0D479DE3}.Release|Any CPU.Build.0 = Release|Any CPU
	EndGlobalSection
	GlobalSection(SolutionProperties) = preSolution
		HideSolutionNode = FALSE
	EndGlobalSection
	GlobalSection(ExtensibilityGlobals) = postSolution
		SolutionGuid = {072523D2-C744-4594-9A26-0A1BA971DC19}
	EndGlobalSection
EndGlobal
